
Microsoft Visual Studio Solution File, Format Version 12.00
# Visual Studio Version 16
VisualStudioVersion = 16.0.30611.23
MinimumVisualStudioVersion = 10.0.40219.1
Project("{FAE04EC0-301F-11D3-BF4B-00C04F79EFBC}") = "statementsEX", "statementsEX\statementsEX.csproj", "{FE82A350-6D75-4346-9E98-C162C26AD24B}"
EndProject
Global
	GlobalSection(SolutionConfigurationPlatforms) = preSolution
		Debug|Any CPU = Debug|Any CPU
		Release|Any CPU = Release|Any CPU
	EndGlobalSection
	GlobalSection(ProjectConfigurationPlatforms) = postSolution
		{FE82A350-6D75-4346-9E98-C162C26AD24B}.Debug|Any CPU.ActiveCfg = Debug|Any CPU
		{FE82A350-6D75-4346-9E98-C162C26AD24B}.Debug|Any CPU.Build.0 = Debug|Any CPU
		{FE82A350-6D75-4346-9E98-C162C26AD24B}.Release|Any CPU.ActiveCfg = Release|Any CPU
		{FE82A350-6D75-4346-9E98-C162C26AD24B}.Release|Any CPU.Build.0 = Release|Any CPU
	EndGlobalSection
	GlobalSection(SolutionProperties) = preSolution
		HideSolutionNode = FALSE
	EndGlobalSection
	GlobalSection(ExtensibilityGlobals) = postSolution
		SolutionGuid = {11891158-4E48-49D7-AC49-9FF88B56A2CF}
	EndGlobalSection
EndGlobal
